
Microsoft Visual Studio Solution File, Format Version 12.00
# Visual Studio Version 16
VisualStudioVersion = 16.0.29609.76
MinimumVisualStudioVersion = 10.0.40219.1
Project("{FAE04EC0-301F-11D3-BF4B-00C04F79EFBC}") = "SimpleContactBook", "SimpleContactBook\SimpleContactBook.csproj", "{7FF1BD5E-87B1-4FCD-AE7D-598B32D1BD8C}"
EndProject
Global
	GlobalSection(SolutionConfigurationPlatforms) = preSolution
		Debug|Any CPU = Debug|Any CPU
		Release|Any CPU = Release|Any CPU
	EndGlobalSection
	GlobalSection(ProjectConfigurationPlatforms) = postSolution
		{7FF1BD5E-87B1-4FCD-AE7D-598B32D1BD8C}.Debug|Any CPU.ActiveCfg = Debug|Any CPU
		{7FF1BD5E-87B1-4FCD-AE7D-598B32D1BD8C}.Debug|Any CPU.Build.0 = Debug|Any CPU
		{7FF1BD5E-87B1-4FCD-AE7D-598B32D1BD8C}.Release|Any CPU.ActiveCfg = Release|Any CPU
		{7FF1BD5E-87B1-4FCD-AE7D-598B32D1BD8C}.Release|Any CPU.Build.0 = Release|Any CPU
	EndGlobalSection
	GlobalSection(SolutionProperties) = preSolution
		HideSolutionNode = FALSE
	EndGlobalSection
	GlobalSection(ExtensibilityGlobals) = postSolution
		SolutionGuid = {CAD4D42C-E8B5-4FDE-9C60-ACC3400B1B4D}
	EndGlobalSection
EndGlobal
